// !$*UTF8*$!
{
	archiveVersion = 1;
	classes = {
	};
	objectVersion = 50;
	objects = {

/* Begin PBXBuildFile section */
		9C5057362555A44000A16CC0 /* Profile.swift in Sources */ = {isa = PBXBuildFile; fileRef = 9C5057352555A44000A16CC0 /* Profile.swift */; };
		9C549DB825517894006B8EFD /* AppDelegate.swift in Sources */ = {isa = PBXBuildFile; fileRef = 9C549DB725517894006B8EFD /* AppDelegate.swift */; };
		9C549DBA25517894006B8EFD /* SceneDelegate.swift in Sources */ = {isa = PBXBuildFile; fileRef = 9C549DB925517894006B8EFD /* SceneDelegate.swift */; };
		9C549DBC25517894006B8EFD /* ContentView.swift in Sources */ = {isa = PBXBuildFile; fileRef = 9C549DBB25517894006B8EFD /* ContentView.swift */; };
		9C549DBE25517898006B8EFD /* Assets.xcassets in Resources */ = {isa = PBXBuildFile; fileRef = 9C549DBD25517898006B8EFD /* Assets.xcassets */; };
		9C549DC125517898006B8EFD /* Preview Assets.xcassets in Resources */ = {isa = PBXBuildFile; fileRef = 9C549DC025517898006B8EFD /* Preview Assets.xcassets */; };
		9C549DC425517898006B8EFD /* LaunchScreen.storyboard in Resources */ = {isa = PBXBuildFile; fileRef = 9C549DC225517898006B8EFD /* LaunchScreen.storyboard */; };
		9C549DCC255178C2006B8EFD /* Data.swift in Sources */ = {isa = PBXBuildFile; fileRef = 9C549DCB255178C2006B8EFD /* Data.swift */; };
		9C549DCE255184E9006B8EFD /* Detail.swift in Sources */ = {isa = PBXBuildFile; fileRef = 9C549DCD255184E9006B8EFD /* Detail.swift */; };
		9CB537A0255B618500AFB532 /* Model.swift in Sources */ = {isa = PBXBuildFile; fileRef = 9CB5379F255B618500AFB532 /* Model.swift */; };
/* End PBXBuildFile section */

/* Begin PBXFileReference section */
		9C5057352555A44000A16CC0 /* Profile.swift */ = {isa = PBXFileReference; lastKnownFileType = sourcecode.swift; path = Profile.swift; sourceTree = "<group>"; };
		9C549DB425517894006B8EFD /* StartUp Indonesia [Submision IOS].app */ = {isa = PBXFileReference; explicitFileType = wrapper.application; includeInIndex = 0; path = "StartUp Indonesia [Submision IOS].app"; sourceTree = BUILT_PRODUCTS_DIR; };
		9C549DB725517894006B8EFD /* AppDelegate.swift */ = {isa = PBXFileReference; lastKnownFileType = sourcecode.swift; path = AppDelegate.swift; sourceTree = "<group>"; };
		9C549DB925517894006B8EFD /* SceneDelegate.swift */ = {isa = PBXFileReference; lastKnownFileType = sourcecode.swift; path = SceneDelegate.swift; sourceTree = "<group>"; };
		9C549DBB25517894006B8EFD /* ContentView.swift */ = {isa = PBXFileReference; lastKnownFileType = sourcecode.swift; path = ContentView.swift; sourceTree = "<group>"; };
		9C549DBD25517898006B8EFD /* Assets.xcassets */ = {isa = PBXFileReference; lastKnownFileType = folder.assetcatalog; path = Assets.xcassets; sourceTree = "<group>"; };
		9C549DC025517898006B8EFD /* Preview Assets.xcassets */ = {isa = PBXFileReference; lastKnownFileType = folder.assetcatalog; path = "Preview Assets.xcassets"; sourceTree = "<group>"; };
		9C549DC325517898006B8EFD /* Base */ = {isa = PBXFileReference; lastKnownFileType = file.storyboard; name = Base; path = Base.lproj/LaunchScreen.storyboard; sourceTree = "<group>"; };
		9C549DC525517898006B8EFD /* Info.plist */ = {isa = PBXFileReference; lastKnownFileType = text.plist.xml; path = Info.plist; sourceTree = "<group>"; };
		9C549DCB255178C2006B8EFD /* Data.swift */ = {isa = PBXFileReference; lastKnownFileType = sourcecode.swift; path = Data.swift; sourceTree = "<group>"; };
		9C549DCD255184E9006B8EFD /* Detail.swift */ = {isa = PBXFileReference; lastKnownFileType = sourcecode.swift; path = Detail.swift; sourceTree = "<group>"; };
		9CB5379F255B618500AFB532 /* Model.swift */ = {isa = PBXFileReference; lastKnownFileType = sourcecode.swift; path = Model.swift; sourceTree = "<group>"; };
/* End PBXFileReference section */

/* Begin PBXFrameworksBuildPhase section */
		9C549DB125517893006B8EFD /* Frameworks */ = {
			isa = PBXFrameworksBuildPhase;
			buildActionMask = 2147483647;
			files = (
			);
			runOnlyForDeploymentPostprocessing = 0;
		};
/* End PBXFrameworksBuildPhase section */

/* Begin PBXGroup section */
		9C549DAB25517893006B8EFD = {
			isa = PBXGroup;
			children = (
				9C549DB625517894006B8EFD /* StartUp Indonesia [Submision IOS] */,
				9C549DB525517894006B8EFD /* Products */,
			);
			sourceTree = "<group>";
		};
		9C549DB525517894006B8EFD /* Products */ = {
			isa = PBXGroup;
			children = (
				9C549DB425517894006B8EFD /* StartUp Indonesia [Submision IOS].app */,
			);
			name = Products;
			sourceTree = "<group>";
		};
		9C549DB625517894006B8EFD /* StartUp Indonesia [Submision IOS] */ = {
			isa = PBXGroup;
			children = (
				9C549DB725517894006B8EFD /* AppDelegate.swift */,
				9C549DB925517894006B8EFD /* SceneDelegate.swift */,
				9CB5379C255B615700AFB532 /* Model */,
				9CB537A1255B7BF200AFB532 /* View */,
				9CB537A2255B7C3B00AFB532 /* Data */,
				9C549DBD25517898006B8EFD /* Assets.xcassets */,
				9C549DC225517898006B8EFD /* LaunchScreen.storyboard */,
				9C549DC525517898006B8EFD /* Info.plist */,
				9C549DBF25517898006B8EFD /* Preview Content */,
			);
			path = "StartUp Indonesia [Submision IOS]";
			sourceTree = "<group>";
		};
		9C549DBF25517898006B8EFD /* Preview Content */ = {
			isa = PBXGroup;
			children = (
				9C549DC025517898006B8EFD /* Preview Assets.xcassets */,
			);
			path = "Preview Content";
			sourceTree = "<group>";
		};
		9CB5379C255B615700AFB532 /* Model */ = {
			isa = PBXGroup;
			children = (
				9CB5379F255B618500AFB532 /* Model.swift */,
			);
			path = Model;
			sourceTree = "<group>";
		};
		9CB537A1255B7BF200AFB532 /* View */ = {
			isa = PBXGroup;
			children = (
				9C549DBB25517894006B8EFD /* ContentView.swift */,
				9C549DCD255184E9006B8EFD /* Detail.swift */,
				9C5057352555A44000A16CC0 /* Profile.swift */,
			);
			path = View;
			sourceTree = "<group>";
		};
		9CB537A2255B7C3B00AFB532 /* Data */ = {
			isa = PBXGroup;
			children = (
				9C549DCB255178C2006B8EFD /* Data.swift */,
			);
			path = Data;
			sourceTree = "<group>";
		};
/* End PBXGroup section */

/* Begin PBXNativeTarget section */
		9C549DB325517893006B8EFD /* StartUp Indonesia [Submision IOS] */ = {
			isa = PBXNativeTarget;
			buildConfigurationList = 9C549DC825517899006B8EFD /* Build configuration list for PBXNativeTarget "StartUp Indonesia [Submision IOS]" */;
			buildPhases = (
				9C549DB025517893006B8EFD /* Sources */,
				9C549DB125517893006B8EFD /* Frameworks */,
				9C549DB225517893006B8EFD /* Resources */,
			);
			buildRules = (
			);
			dependencies = (
			);
			name = "StartUp Indonesia [Submision IOS]";
			productName = "StartUp Indonesia [Submision IOS]";
			productReference = 9C549DB425517894006B8EFD /* StartUp Indonesia [Submision IOS].app */;
			productType = "com.apple.product-type.application";
		};
/* End PBXNativeTarget section */

/* Begin PBXProject section */
		9C549DAC25517893006B8EFD /* Project object */ = {
			isa = PBXProject;
			attributes = {
				LastSwiftUpdateCheck = 1160;
				LastUpgradeCheck = 1220;
				ORGANIZATIONNAME = MyRushHome;
				TargetAttributes = {
					9C549DB325517893006B8EFD = {
						CreatedOnToolsVersion = 11.6;
					};
				};
			};
			buildConfigurationList = 9C549DAF25517893006B8EFD /* Build configuration list for PBXProject "StartUp Indonesia [Submision IOS]" */;
			compatibilityVersion = "Xcode 9.3";
			developmentRegion = en;
			hasScannedForEncodings = 0;
			knownRegions = (
				en,
				Base,
			);
			mainGroup = 9C549DAB25517893006B8EFD;
			productRefGroup = 9C549DB525517894006B8EFD /* Products */;
			projectDirPath = "";
			projectRoot = "";
			targets = (
				9C549DB325517893006B8EFD /* StartUp Indonesia [Submision IOS] */,
			);
		};
/* End PBXProject section */

/* Begin PBXResourcesBuildPhase section */
		9C549DB225517893006B8EFD /* Resources */ = {
			isa = PBXResourcesBuildPhase;
			buildActionMask = 2147483647;
			files = (
				9C549DC425517898006B8EFD /* LaunchScreen.storyboard in Resources */,
				9C549DC125517898006B8EFD /* Preview Assets.xcassets in Resources */,
				9C549DBE25517898006B8EFD /* Assets.xcassets in Resources */,
			);
			runOnlyForDeploymentPostprocessing = 0;
		};
/* End PBXResourcesBuildPhase section */

/* Begin PBXSourcesBuildPhase section */
		9C549DB025517893006B8EFD /* Sources */ = {
			isa = PBXSourcesBuildPhase;
			buildActionMask = 2147483647;
			files = (
				9CB537A0255B618500AFB532 /* Model.swift in Sources */,
				9C549DB825517894006B8EFD /* AppDelegate.swift in Sources */,
				9C5057362555A44000A16CC0 /* Profile.swift in Sources */,
				9C549DCE255184E9006B8EFD /* Detail.swift in Sources */,
				9C549DBA25517894006B8EFD /* SceneDelegate.swift in Sources */,
				9C549DBC25517894006B8EFD /* ContentView.swift in Sources */,
				9C549DCC255178C2006B8EFD /* Data.swift in Sources */,
			);
			runOnlyForDeploymentPostprocessing = 0;
		};
/* End PBXSourcesBuildPhase section */

/* Begin PBXVariantGroup section */
		9C549DC225517898006B8EFD /* LaunchScreen.storyboard */ = {
			isa = PBXVariantGroup;
			children = (
				9C549DC325517898006B8EFD /* Base */,
			);
			name = LaunchScreen.storyboard;
			sourceTree = "<group>";
		};
/* End PBXVariantGroup section */

/* Begin XCBuildConfiguration section */
		9C549DC625517898006B8EFD /* Debug */ = {
			isa = XCBuildConfiguration;
			buildSettings = {
				ALWAYS_SEARCH_USER_PATHS = NO;
				CLANG_ANALYZER_NONNULL = YES;
				CLANG_ANALYZER_NUMBER_OBJECT_CONVERSION = YES_AGGRESSIVE;
				CLANG_CXX_LANGUAGE_STANDARD = "gnu++14";
				CLANG_CXX_LIBRARY = "libc++";
				CLANG_ENABLE_MODULES = YES;
				CLANG_ENABLE_OBJC_ARC = YES;
				CLANG_ENABLE_OBJC_WEAK = YES;
				CLANG_WARN_BLOCK_CAPTURE_AUTORELEASING = YES;
				CLANG_WARN_BOOL_CONVERSION = YES;
				CLANG_WARN_COMMA = YES;
				CLANG_WARN_CONSTANT_CONVERSION = YES;
				CLANG_WARN_DEPRECATED_OBJC_IMPLEMENTATIONS = YES;
				CLANG_WARN_DIRECT_OBJC_ISA_USAGE = YES_ERROR;
				CLANG_WARN_DOCUMENTATION_COMMENTS = YES;
				CLANG_WARN_EMPTY_BODY = YES;
				CLANG_WARN_ENUM_CONVERSION = YES;
				CLANG_WARN_INFINITE_RECURSION = YES;
				CLANG_WARN_INT_CONVERSION = YES;
				CLANG_WARN_NON_LITERAL_NULL_CONVERSION = YES;
				CLANG_WARN_OBJC_IMPLICIT_RETAIN_SELF = YES;
				CLANG_WARN_OBJC_LITERAL_CONVERSION = YES;
				CLANG_WARN_OBJC_ROOT_CLASS = YES_ERROR;
				CLANG_WARN_QUOTED_INCLUDE_IN_FRAMEWORK_HEADER = YES;
				CLANG_WARN_RANGE_LOOP_ANALYSIS = YES;
				CLANG_WARN_STRICT_PROTOTYPES = YES;
				CLANG_WARN_SUSPICIOUS_MOVE = YES;
				CLANG_WARN_UNGUARDED_AVAILABILITY = YES_AGGRESSIVE;
				CLANG_WARN_UNREACHABLE_CODE = YES;
				CLANG_WARN__DUPLICATE_METHOD_MATCH = YES;
				COPY_PHASE_STRIP = NO;
				DEBUG_INFORMATION_FORMAT = dwarf;
				ENABLE_STRICT_OBJC_MSGSEND = YES;
				ENABLE_TESTABILITY = YES;
				GCC_C_LANGUAGE_STANDARD = gnu11;
				GCC_DYNAMIC_NO_PIC = NO;
				GCC_NO_COMMON_BLOCKS = YES;
				GCC_OPTIMIZATION_LEVEL = 0;
				GCC_PREPROCESSOR_DEFINITIONS = (
					"DEBUG=1",
					"$(inherited)",
				);
				GCC_WARN_64_TO_32_BIT_CONVERSION = YES;
				GCC_WARN_ABOUT_RETURN_TYPE = YES_ERROR;
				GCC_WARN_UNDECLARED_SELECTOR = YES;
				GCC_WARN_UNINITIALIZED_AUTOS = YES_AGGRESSIVE;
				GCC_WARN_UNUSED_FUNCTION = YES;
				GCC_WARN_UNUSED_VARIABLE = YES;
				IPHONEOS_DEPLOYMENT_TARGET = 13.6;
				MTL_ENABLE_DEBUG_INFO = INCLUDE_SOURCE;
				MTL_FAST_MATH = YES;
				ONLY_ACTIVE_ARCH = YES;
				SDKROOT = iphoneos;
				SWIFT_ACTIVE_COMPILATION_CONDITIONS = DEBUG;
				SWIFT_OPTIMIZATION_LEVEL = "-Onone";
			};
			name = Debug;
		};
		9C549DC725517898006B8EFD /* Release */ = {
			isa = XCBuildConfiguration;
			buildSettings = {
				ALWAYS_SEARCH_USER_PATHS = NO;
				CLANG_ANALYZER_NONNULL = YES;
				CLANG_ANALYZER_NUMBER_OBJECT_CONVERSION = YES_AGGRESSIVE;
				CLANG_CXX_LANGUAGE_STANDARD = "gnu++14";
				CLANG_CXX_LIBRARY = "libc++";
				CLANG_ENABLE_MODULES = YES;
				CLANG_ENABLE_OBJC_ARC = YES;
				CLANG_ENABLE_OBJC_WEAK = YES;
				CLANG_WARN_BLOCK_CAPTURE_AUTORELEASING = YES;
				CLANG_WARN_BOOL_CONVERSION = YES;
				CLANG_WARN_COMMA = YES;
				CLANG_WARN_CONSTANT_CONVERSION = YES;
				CLANG_WARN_DEPRECATED_OBJC_IMPLEMENTATIONS = YES;
				CLANG_WARN_DIRECT_OBJC_ISA_USAGE = YES_ERROR;
				CLANG_WARN_DOCUMENTATION_COMMENTS = YES;
				CLANG_WARN_EMPTY_BODY = YES;
				CLANG_WARN_ENUM_CONVERSION = YES;
				CLANG_WARN_INFINITE_RECURSION = YES;
				CLANG_WARN_INT_CONVERSION = YES;
				CLANG_WARN_NON_LITERAL_NULL_CONVERSION = YES;
				CLANG_WARN_OBJC_IMPLICIT_RETAIN_SELF = YES;
				CLANG_WARN_OBJC_LITERAL_CONVERSION = YES;
				CLANG_WARN_OBJC_ROOT_CLASS = YES_ERROR;
				CLANG_WARN_QUOTED_INCLUDE_IN_FRAMEWORK_HEADER = YES;
				CLANG_WARN_RANGE_LOOP_ANALYSIS = YES;
				CLANG_WARN_STRICT_PROTOTYPES = YES;
				CLANG_WARN_SUSPICIOUS_MOVE = YES;
				CLANG_WARN_UNGUARDED_AVAILABILITY = YES_AGGRESSIVE;
				CLANG_WARN_UNREACHABLE_CODE = YES;
				CLANG_WARN__DUPLICATE_METHOD_MATCH = YES;
				COPY_PHASE_STRIP = NO;
				DEBUG_INFORMATION_FORMAT = "dwarf-with-dsym";
				ENABLE_NS_ASSERTIONS = NO;
				ENABLE_STRICT_OBJC_MSGSEND = YES;
				GCC_C_LANGUAGE_STANDARD = gnu11;
				GCC_NO_COMMON_BLOCKS = YES;
				GCC_WARN_64_TO_32_BIT_CONVERSION = YES;
				GCC_WARN_ABOUT_RETURN_TYPE = YES_ERROR;
				GCC_WARN_UNDECLARED_SELECTOR = YES;
				GCC_WARN_UNINITIALIZED_AUTOS = YES_AGGRESSIVE;
				GCC_WARN_UNUSED_FUNCTION = YES;
				GCC_WARN_UNUSED_VARIABLE = YES;
				IPHONEOS_DEPLOYMENT_TARGET = 13.6;
				MTL_ENABLE_DEBUG_INFO = NO;
				MTL_FAST_MATH = YES;
				SDKROOT = iphoneos;
				SWIFT_COMPILATION_MODE = wholemodule;
				SWIFT_OPTIMIZATION_LEVEL = "-O";
				VALIDATE_PRODUCT = YES;
			};
			name = Release;
		};
		9C549DC925517899006B8EFD /* Debug */ = {
			isa = XCBuildConfiguration;
			buildSettings = {
				ASSETCATALOG_COMPILER_APPICON_NAME = AppIcon;
				CODE_SIGN_STYLE = Automatic;
				DEVELOPMENT_ASSET_PATHS = "\"StartUp Indonesia [Submision IOS]/Preview Content\"";
				DEVELOPMENT_TEAM = VF797M3X3X;
				ENABLE_PREVIEWS = YES;
				INFOPLIST_FILE = "StartUp Indonesia [Submision IOS]/Info.plist";
				LD_RUNPATH_SEARCH_PATHS = (
					"$(inherited)",
					"@executable_path/Frameworks",
				);
				PRODUCT_BUNDLE_IDENTIFIER = "com.belajar.ios.StartUp-Indonesia--Submision-IOS-";
				PRODUCT_NAME = "$(TARGET_NAME)";
				SWIFT_VERSION = 5.0;
				TARGETED_DEVICE_FAMILY = "1,2";
			};
			name = Debug;
		};
		9C549DCA25517899006B8EFD /* Release */ = {
			isa = XCBuildConfiguration;
			buildSettings = {
				ASSETCATALOG_COMPILER_APPICON_NAME = AppIcon;
				CODE_SIGN_STYLE = Automatic;
				DEVELOPMENT_ASSET_PATHS = "\"StartUp Indonesia [Submision IOS]/Preview Content\"";
				DEVELOPMENT_TEAM = VF797M3X3X;
				ENABLE_PREVIEWS = YES;
				INFOPLIST_FILE = "StartUp Indonesia [Submision IOS]/Info.plist";
				LD_RUNPATH_SEARCH_PATHS = (
					"$(inherited)",
					"@executable_path/Frameworks",
				);
				PRODUCT_BUNDLE_IDENTIFIER = "com.belajar.ios.StartUp-Indonesia--Submision-IOS-";
				PRODUCT_NAME = "$(TARGET_NAME)";
				SWIFT_VERSION = 5.0;
				TARGETED_DEVICE_FAMILY = "1,2";
			};
			name = Release;
		};
/* End XCBuildConfiguration section */

/* Begin XCConfigurationList section */
		9C549DAF25517893006B8EFD /* Build configuration list for PBXProject "StartUp Indonesia [Submision IOS]" */ = {
			isa = XCConfigurationList;
			buildConfigurations = (
				9C549DC625517898006B8EFD /* Debug */,
				9C549DC725517898006B8EFD /* Release */,
			);
			defaultConfigurationIsVisible = 0;
			defaultConfigurationName = Release;
		};
		9C549DC825517899006B8EFD /* Build configuration list for PBXNativeTarget "StartUp Indonesia [Submision IOS]" */ = {
			isa = XCConfigurationList;
			buildConfigurations = (
				9C549DC925517899006B8EFD /* Debug */,
				9C549DCA25517899006B8EFD /* Release */,
			);
			defaultConfigurationIsVisible = 0;
			defaultConfigurationName = Release;
		};
/* End XCConfigurationList section */
	};
	rootObject = 9C549DAC25517893006B8EFD /* Project object */;
}
